
Microsoft Visual Studio Solution File, Format Version 12.00
# Visual Studio Version 16
VisualStudioVersion = 16.0.29609.76
MinimumVisualStudioVersion = 10.0.40219.1
Project("{9A19103F-16F7-4668-BE54-9A1E7A4F7556}") = "WebCrawler.CR.Core", "WebCrawler.CR.Core.csproj", "{EB19F05F-36FD-477B-BD00-6534D483D592}"
EndProject
Project("{9A19103F-16F7-4668-BE54-9A1E7A4F7556}") = "WebCrawler.TestsModule", "..\WebCrawler.TestsModule\WebCrawler.TestsModule.csproj", "{A7F1A05D-243B-40ED-8BB4-2974AE6FD7A6}"
EndProject
Global
	GlobalSection(SolutionConfigurationPlatforms) = preSolution
		Debug|Any CPU = Debug|Any CPU
		Debug|x64 = Debug|x64
		Release|Any CPU = Release|Any CPU
		Release|x64 = Release|x64
		x64|Any CPU = x64|Any CPU
		x64|x64 = x64|x64
	EndGlobalSection
	GlobalSection(ProjectConfigurationPlatforms) = postSolution
		{EB19F05F-36FD-477B-BD00-6534D483D592}.Debug|Any CPU.ActiveCfg = Debug|Any CPU
		{EB19F05F-36FD-477B-BD00-6534D483D592}.Debug|Any CPU.Build.0 = Debug|Any CPU
		{EB19F05F-36FD-477B-BD00-6534D483D592}.Debug|x64.ActiveCfg = Debug|Any CPU
		{EB19F05F-36FD-477B-BD00-6534D483D592}.Debug|x64.Build.0 = Debug|Any CPU
		{EB19F05F-36FD-477B-BD00-6534D483D592}.Release|Any CPU.ActiveCfg = Release|Any CPU
		{EB19F05F-36FD-477B-BD00-6534D483D592}.Release|Any CPU.Build.0 = Release|Any CPU
		{EB19F05F-36FD-477B-BD00-6534D483D592}.Release|x64.ActiveCfg = Release|x64
		{EB19F05F-36FD-477B-BD00-6534D483D592}.Release|x64.Build.0 = Release|x64
		{EB19F05F-36FD-477B-BD00-6534D483D592}.x64|Any CPU.ActiveCfg = x64|Any CPU
		{EB19F05F-36FD-477B-BD00-6534D483D592}.x64|Any CPU.Build.0 = x64|Any CPU
		{EB19F05F-36FD-477B-BD00-6534D483D592}.x64|x64.ActiveCfg = x64|x64
		{EB19F05F-36FD-477B-BD00-6534D483D592}.x64|x64.Build.0 = x64|x64
		{A7F1A05D-243B-40ED-8BB4-2974AE6FD7A6}.Debug|Any CPU.ActiveCfg = Debug|Any CPU
		{A7F1A05D-243B-40ED-8BB4-2974AE6FD7A6}.Debug|Any CPU.Build.0 = Debug|Any CPU
		{A7F1A05D-243B-40ED-8BB4-2974AE6FD7A6}.Debug|x64.ActiveCfg = Debug|Any CPU
		{A7F1A05D-243B-40ED-8BB4-2974AE6FD7A6}.Debug|x64.Build.0 = Debug|Any CPU
		{A7F1A05D-243B-40ED-8BB4-2974AE6FD7A6}.Release|Any CPU.ActiveCfg = Release|Any CPU
		{A7F1A05D-243B-40ED-8BB4-2974AE6FD7A6}.Release|Any CPU.Build.0 = Release|Any CPU
		{A7F1A05D-243B-40ED-8BB4-2974AE6FD7A6}.Release|x64.ActiveCfg = Release|x64
		{A7F1A05D-243B-40ED-8BB4-2974AE6FD7A6}.Release|x64.Build.0 = Release|x64
		{A7F1A05D-243B-40ED-8BB4-2974AE6FD7A6}.x64|Any CPU.ActiveCfg = x64|Any CPU
		{A7F1A05D-243B-40ED-8BB4-2974AE6FD7A6}.x64|Any CPU.Build.0 = x64|Any CPU
		{A7F1A05D-243B-40ED-8BB4-2974AE6FD7A6}.x64|x64.ActiveCfg = x64|x64
		{A7F1A05D-243B-40ED-8BB4-2974AE6FD7A6}.x64|x64.Build.0 = x64|x64
	EndGlobalSection
	GlobalSection(SolutionProperties) = preSolution
		HideSolutionNode = FALSE
	EndGlobalSection
	GlobalSection(ExtensibilityGlobals) = postSolution
		SolutionGuid = {C1F5559C-36AD-422A-B723-02E405789CC9}
	EndGlobalSection
EndGlobal
